// !$*UTF8*$!
{
	archiveVersion = 1;
	classes = {
	};
	objectVersion = 46;
	objects = {

/* Begin PBXBuildFile section */
		ADA8C83C1AA6A87100D34EBF /* main.m in Sources */ = {isa = PBXBuildFile; fileRef = ADA8C83B1AA6A87100D34EBF /* main.m */; };
		ADA8C83F1AA6A87100D34EBF /* AppDelegate.m in Sources */ = {isa = PBXBuildFile; fileRef = ADA8C83E1AA6A87100D34EBF /* AppDelegate.m */; };
		ADA8C84A1AA6A87100D34EBF /* Images.xcassets in Resources */ = {isa = PBXBuildFile; fileRef = ADA8C8491AA6A87100D34EBF /* Images.xcassets */; };
		ADA8C84D1AA6A87100D34EBF /* LaunchScreen.xib in Resources */ = {isa = PBXBuildFile; fileRef = ADA8C84B1AA6A87100D34EBF /* LaunchScreen.xib */; };
		ADA8C8631AA6A89300D34EBF /* JavaScriptCore.framework in Frameworks */ = {isa = PBXBuildFile; fileRef = ADA8C8621AA6A89300D34EBF /* JavaScriptCore.framework */; };
		ADA8C8641AA6A89900D34EBF /* JavaScriptCore.framework in Frameworks */ = {isa = PBXBuildFile; fileRef = ADA8C8621AA6A89300D34EBF /* JavaScriptCore.framework */; };
		ADA8C86C1AA6AA2D00D34EBF /* calendar.js in Resources */ = {isa = PBXBuildFile; fileRef = ADA8C8691AA6AA2D00D34EBF /* calendar.js */; };
		ADA8C8711AA6B27000D34EBF /* TTLunarCalendar.m in Sources */ = {isa = PBXBuildFile; fileRef = ADA8C8701AA6B27000D34EBF /* TTLunarCalendar.m */; };
/* End PBXBuildFile section */

/* Begin PBXContainerItemProxy section */
		ADA8C8531AA6A87100D34EBF /* PBXContainerItemProxy */ = {
			isa = PBXContainerItemProxy;
			containerPortal = ADA8C82E1AA6A87100D34EBF /* Project object */;
			proxyType = 1;
			remoteGlobalIDString = ADA8C8351AA6A87100D34EBF;
			remoteInfo = LunarCalendar;
		};
/* End PBXContainerItemProxy section */

/* Begin PBXFileReference section */
		ADA8C8361AA6A87100D34EBF /* LunarCalendar.app */ = {isa = PBXFileReference; explicitFileType = wrapper.application; includeInIndex = 0; path = LunarCalendar.app; sourceTree = BUILT_PRODUCTS_DIR; };
		ADA8C83A1AA6A87100D34EBF /* Info.plist */ = {isa = PBXFileReference; lastKnownFileType = text.plist.xml; path = Info.plist; sourceTree = "<group>"; };
		ADA8C83B1AA6A87100D34EBF /* main.m */ = {isa = PBXFileReference; lastKnownFileType = sourcecode.c.objc; path = main.m; sourceTree = "<group>"; };
		ADA8C83D1AA6A87100D34EBF /* AppDelegate.h */ = {isa = PBXFileReference; lastKnownFileType = sourcecode.c.h; path = AppDelegate.h; sourceTree = "<group>"; };
		ADA8C83E1AA6A87100D34EBF /* AppDelegate.m */ = {isa = PBXFileReference; lastKnownFileType = sourcecode.c.objc; path = AppDelegate.m; sourceTree = "<group>"; };
		ADA8C8491AA6A87100D34EBF /* Images.xcassets */ = {isa = PBXFileReference; lastKnownFileType = folder.assetcatalog; path = Images.xcassets; sourceTree = "<group>"; };
		ADA8C84C1AA6A87100D34EBF /* Base */ = {isa = PBXFileReference; lastKnownFileType = file.xib; name = Base; path = Base.lproj/LaunchScreen.xib; sourceTree = "<group>"; };
		ADA8C8521AA6A87100D34EBF /* LunarCalendarTests.xctest */ = {isa = PBXFileReference; explicitFileType = wrapper.cfbundle; includeInIndex = 0; path = LunarCalendarTests.xctest; sourceTree = BUILT_PRODUCTS_DIR; };
		ADA8C8571AA6A87100D34EBF /* Info.plist */ = {isa = PBXFileReference; lastKnownFileType = text.plist.xml; path = Info.plist; sourceTree = "<group>"; };
		ADA8C8621AA6A89300D34EBF /* JavaScriptCore.framework */ = {isa = PBXFileReference; lastKnownFileType = wrapper.framework; name = JavaScriptCore.framework; path = System/Library/Frameworks/JavaScriptCore.framework; sourceTree = SDKROOT; };
		ADA8C8691AA6AA2D00D34EBF /* calendar.js */ = {isa = PBXFileReference; fileEncoding = 4; lastKnownFileType = sourcecode.javascript; name = calendar.js; path = ../../../src/calendar.js; sourceTree = "<group>"; };
		ADA8C86F1AA6B27000D34EBF /* TTLunarCalendar.h */ = {isa = PBXFileReference; fileEncoding = 4; lastKnownFileType = sourcecode.c.h; name = TTLunarCalendar.h; path = "../../../src/Platform/iOS-JSCore/TTLunarCalendar.h"; sourceTree = "<group>"; };
		ADA8C8701AA6B27000D34EBF /* TTLunarCalendar.m */ = {isa = PBXFileReference; fileEncoding = 4; lastKnownFileType = sourcecode.c.objc; name = TTLunarCalendar.m; path = "../../../src/Platform/iOS-JSCore/TTLunarCalendar.m"; sourceTree = "<group>"; };
/* End PBXFileReference section */

/* Begin PBXFrameworksBuildPhase section */
		ADA8C8331AA6A87100D34EBF /* Frameworks */ = {
			isa = PBXFrameworksBuildPhase;
			buildActionMask = 2147483647;
			files = (
				ADA8C8631AA6A89300D34EBF /* JavaScriptCore.framework in Frameworks */,
			);
			runOnlyForDeploymentPostprocessing = 0;
		};
		ADA8C84F1AA6A87100D34EBF /* Frameworks */ = {
			isa = PBXFrameworksBuildPhase;
			buildActionMask = 2147483647;
			files = (
				ADA8C8641AA6A89900D34EBF /* JavaScriptCore.framework in Frameworks */,
			);
			runOnlyForDeploymentPostprocessing = 0;
		};
/* End PBXFrameworksBuildPhase section */

/* Begin PBXGroup section */
		ADA8C82D1AA6A87100D34EBF = {
			isa = PBXGroup;
			children = (
				ADA8C8621AA6A89300D34EBF /* JavaScriptCore.framework */,
				ADA8C8381AA6A87100D34EBF /* LunarCalendar */,
				ADA8C8551AA6A87100D34EBF /* LunarCalendarTests */,
				ADA8C8371AA6A87100D34EBF /* Products */,
			);
			sourceTree = "<group>";
		};
		ADA8C8371AA6A87100D34EBF /* Products */ = {
			isa = PBXGroup;
			children = (
				ADA8C8361AA6A87100D34EBF /* LunarCalendar.app */,
				ADA8C8521AA6A87100D34EBF /* LunarCalendarTests.xctest */,
			);
			name = Products;
			sourceTree = "<group>";
		};
		ADA8C8381AA6A87100D34EBF /* LunarCalendar */ = {
			isa = PBXGroup;
			children = (
				ADA8C86F1AA6B27000D34EBF /* TTLunarCalendar.h */,
				ADA8C8701AA6B27000D34EBF /* TTLunarCalendar.m */,
				ADA8C8691AA6AA2D00D34EBF /* calendar.js */,
				ADA8C83D1AA6A87100D34EBF /* AppDelegate.h */,
				ADA8C83E1AA6A87100D34EBF /* AppDelegate.m */,
				ADA8C8491AA6A87100D34EBF /* Images.xcassets */,
				ADA8C84B1AA6A87100D34EBF /* LaunchScreen.xib */,
				ADA8C8391AA6A87100D34EBF /* Supporting Files */,
			);
			path = LunarCalendar;
			sourceTree = "<group>";
		};
		ADA8C8391AA6A87100D34EBF /* Supporting Files */ = {
			isa = PBXGroup;
			children = (
				ADA8C83A1AA6A87100D34EBF /* Info.plist */,
				ADA8C83B1AA6A87100D34EBF /* main.m */,
			);
			name = "Supporting Files";
			sourceTree = "<group>";
		};
		ADA8C8551AA6A87100D34EBF /* LunarCalendarTests */ = {
			isa = PBXGroup;
			children = (
				ADA8C8561AA6A87100D34EBF /* Supporting Files */,
			);
			path = LunarCalendarTests;
			sourceTree = "<group>";
		};
		ADA8C8561AA6A87100D34EBF /* Supporting Files */ = {
			isa = PBXGroup;
			children = (
				ADA8C8571AA6A87100D34EBF /* Info.plist */,
			);
			name = "Supporting Files";
			sourceTree = "<group>";
		};
/* End PBXGroup section */

/* Begin PBXNativeTarget section */
		ADA8C8351AA6A87100D34EBF /* LunarCalendar */ = {
			isa = PBXNativeTarget;
			buildConfigurationList = ADA8C85C1AA6A87100D34EBF /* Build configuration list for PBXNativeTarget "LunarCalendar" */;
			buildPhases = (
				ADA8C8321AA6A87100D34EBF /* Sources */,
				ADA8C8331AA6A87100D34EBF /* Frameworks */,
				ADA8C8341AA6A87100D34EBF /* Resources */,
			);
			buildRules = (
			);
			dependencies = (
			);
			name = LunarCalendar;
			productName = LunarCalendar;
			productReference = ADA8C8361AA6A87100D34EBF /* LunarCalendar.app */;
			productType = "com.apple.product-type.application";
		};
		ADA8C8511AA6A87100D34EBF /* LunarCalendarTests */ = {
			isa = PBXNativeTarget;
			buildConfigurationList = ADA8C85F1AA6A87100D34EBF /* Build configuration list for PBXNativeTarget "LunarCalendarTests" */;
			buildPhases = (
				ADA8C84E1AA6A87100D34EBF /* Sources */,
				ADA8C84F1AA6A87100D34EBF /* Frameworks */,
				ADA8C8501AA6A87100D34EBF /* Resources */,
			);
			buildRules = (
			);
			dependencies = (
				ADA8C8541AA6A87100D34EBF /* PBXTargetDependency */,
			);
			name = LunarCalendarTests;
			productName = LunarCalendarTests;
			productReference = ADA8C8521AA6A87100D34EBF /* LunarCalendarTests.xctest */;
			productType = "com.apple.product-type.bundle.unit-test";
		};
/* End PBXNativeTarget section */

/* Begin PBXProject section */
		ADA8C82E1AA6A87100D34EBF /* Project object */ = {
			isa = PBXProject;
			attributes = {
				CLASSPREFIX = TT;
				LastUpgradeCheck = 0610;
				ORGANIZATIONNAME = liwushuo;
				TargetAttributes = {
					ADA8C8351AA6A87100D34EBF = {
						CreatedOnToolsVersion = 6.1.1;
					};
					ADA8C8511AA6A87100D34EBF = {
						CreatedOnToolsVersion = 6.1.1;
						TestTargetID = ADA8C8351AA6A87100D34EBF;
					};
				};
			};
			buildConfigurationList = ADA8C8311AA6A87100D34EBF /* Build configuration list for PBXProject "LunarCalendar" */;
			compatibilityVersion = "Xcode 3.2";
			developmentRegion = English;
			hasScannedForEncodings = 0;
			knownRegions = (
				en,
				Base,
			);
			mainGroup = ADA8C82D1AA6A87100D34EBF;
			productRefGroup = ADA8C8371AA6A87100D34EBF /* Products */;
			projectDirPath = "";
			projectRoot = "";
			targets = (
				ADA8C8351AA6A87100D34EBF /* LunarCalendar */,
				ADA8C8511AA6A87100D34EBF /* LunarCalendarTests */,
			);
		};
/* End PBXProject section */

/* Begin PBXResourcesBuildPhase section */
		ADA8C8341AA6A87100D34EBF /* Resources */ = {
			isa = PBXResourcesBuildPhase;
			buildActionMask = 2147483647;
			files = (
				ADA8C86C1AA6AA2D00D34EBF /* calendar.js in Resources */,
				ADA8C84D1AA6A87100D34EBF /* LaunchScreen.xib in Resources */,
				ADA8C84A1AA6A87100D34EBF /* Images.xcassets in Resources */,
			);
			runOnlyForDeploymentPostprocessing = 0;
		};
		ADA8C8501AA6A87100D34EBF /* Resources */ = {
			isa = PBXResourcesBuildPhase;
			buildActionMask = 2147483647;
			files = (
			);
			runOnlyForDeploymentPostprocessing = 0;
		};
/* End PBXResourcesBuildPhase section */

/* Begin PBXSourcesBuildPhase section */
		ADA8C8321AA6A87100D34EBF /* Sources */ = {
			isa = PBXSourcesBuildPhase;
			buildActionMask = 2147483647;
			files = (
				ADA8C8711AA6B27000D34EBF /* TTLunarCalendar.m in Sources */,
				ADA8C83F1AA6A87100D34EBF /* AppDelegate.m in Sources */,
				ADA8C83C1AA6A87100D34EBF /* main.m in Sources */,
			);
			runOnlyForDeploymentPostprocessing = 0;
		};
		ADA8C84E1AA6A87100D34EBF /* Sources */ = {
			isa = PBXSourcesBuildPhase;
			buildActionMask = 2147483647;
			files = (
			);
			runOnlyForDeploymentPostprocessing = 0;
		};
/* End PBXSourcesBuildPhase section */

/* Begin PBXTargetDependency section */
		ADA8C8541AA6A87100D34EBF /* PBXTargetDependency */ = {
			isa = PBXTargetDependency;
			target = ADA8C8351AA6A87100D34EBF /* LunarCalendar */;
			targetProxy = ADA8C8531AA6A87100D34EBF /* PBXContainerItemProxy */;
		};
/* End PBXTargetDependency section */

/* Begin PBXVariantGroup section */
		ADA8C84B1AA6A87100D34EBF /* LaunchScreen.xib */ = {
			isa = PBXVariantGroup;
			children = (
				ADA8C84C1AA6A87100D34EBF /* Base */,
			);
			name = LaunchScreen.xib;
			sourceTree = "<group>";
		};
/* End PBXVariantGroup section */

/* Begin XCBuildConfiguration section */
		ADA8C85A1AA6A87100D34EBF /* Debug */ = {
			isa = XCBuildConfiguration;
			buildSettings = {
				ALWAYS_SEARCH_USER_PATHS = NO;
				CLANG_CXX_LANGUAGE_STANDARD = "gnu++0x";
				CLANG_CXX_LIBRARY = "libc++";
				CLANG_ENABLE_MODULES = YES;
				CLANG_ENABLE_OBJC_ARC = YES;
				CLANG_WARN_BOOL_CONVERSION = YES;
				CLANG_WARN_CONSTANT_CONVERSION = YES;
				CLANG_WARN_DIRECT_OBJC_ISA_USAGE = YES_ERROR;
				CLANG_WARN_EMPTY_BODY = YES;
				CLANG_WARN_ENUM_CONVERSION = YES;
				CLANG_WARN_INT_CONVERSION = YES;
				CLANG_WARN_OBJC_ROOT_CLASS = YES_ERROR;
				CLANG_WARN_UNREACHABLE_CODE = YES;
				CLANG_WARN__DUPLICATE_METHOD_MATCH = YES;
				"CODE_SIGN_IDENTITY[sdk=iphoneos*]" = "iPhone Developer";
				COPY_PHASE_STRIP = NO;
				ENABLE_STRICT_OBJC_MSGSEND = YES;
				GCC_C_LANGUAGE_STANDARD = gnu99;
				GCC_DYNAMIC_NO_PIC = NO;
				GCC_OPTIMIZATION_LEVEL = 0;
				GCC_PREPROCESSOR_DEFINITIONS = (
					"DEBUG=1",
					"$(inherited)",
				);
				GCC_SYMBOLS_PRIVATE_EXTERN = NO;
				GCC_WARN_64_TO_32_BIT_CONVERSION = YES;
				GCC_WARN_ABOUT_RETURN_TYPE = YES_ERROR;
				GCC_WARN_UNDECLARED_SELECTOR = YES;
				GCC_WARN_UNINITIALIZED_AUTOS = YES_AGGRESSIVE;
				GCC_WARN_UNUSED_FUNCTION = YES;
				GCC_WARN_UNUSED_VARIABLE = YES;
				IPHONEOS_DEPLOYMENT_TARGET = 8.1;
				MTL_ENABLE_DEBUG_INFO = YES;
				ONLY_ACTIVE_ARCH = YES;
				SDKROOT = iphoneos;
			};
			name = Debug;
		};
		ADA8C85B1AA6A87100D34EBF /* Release */ = {
			isa = XCBuildConfiguration;
			buildSettings = {
				ALWAYS_SEARCH_USER_PATHS = NO;
				CLANG_CXX_LANGUAGE_STANDARD = "gnu++0x";
				CLANG_CXX_LIBRARY = "libc++";
				CLANG_ENABLE_MODULES = YES;
				CLANG_ENABLE_OBJC_ARC = YES;
				CLANG_WARN_BOOL_CONVERSION = YES;
				CLANG_WARN_CONSTANT_CONVERSION = YES;
				CLANG_WARN_DIRECT_OBJC_ISA_USAGE = YES_ERROR;
				CLANG_WARN_EMPTY_BODY = YES;
				CLANG_WARN_ENUM_CONVERSION = YES;
				CLANG_WARN_INT_CONVERSION = YES;
				CLANG_WARN_OBJC_ROOT_CLASS = YES_ERROR;
				CLANG_WARN_UNREACHABLE_CODE = YES;
				CLANG_WARN__DUPLICATE_METHOD_MATCH = YES;
				"CODE_SIGN_IDENTITY[sdk=iphoneos*]" = "iPhone Developer";
				COPY_PHASE_STRIP = YES;
				ENABLE_NS_ASSERTIONS = NO;
				ENABLE_STRICT_OBJC_MSGSEND = YES;
				GCC_C_LANGUAGE_STANDARD = gnu99;
				GCC_WARN_64_TO_32_BIT_CONVERSION = YES;
				GCC_WARN_ABOUT_RETURN_TYPE = YES_ERROR;
				GCC_WARN_UNDECLARED_SELECTOR = YES;
				GCC_WARN_UNINITIALIZED_AUTOS = YES_AGGRESSIVE;
				GCC_WARN_UNUSED_FUNCTION = YES;
				GCC_WARN_UNUSED_VARIABLE = YES;
				IPHONEOS_DEPLOYMENT_TARGET = 8.1;
				MTL_ENABLE_DEBUG_INFO = NO;
				SDKROOT = iphoneos;
				VALIDATE_PRODUCT = YES;
			};
			name = Release;
		};
		ADA8C85D1AA6A87100D34EBF /* Debug */ = {
			isa = XCBuildConfiguration;
			buildSettings = {
				ASSETCATALOG_COMPILER_APPICON_NAME = AppIcon;
				INFOPLIST_FILE = LunarCalendar/Info.plist;
				LD_RUNPATH_SEARCH_PATHS = "$(inherited) @executable_path/Frameworks";
				PRODUCT_NAME = "$(TARGET_NAME)";
			};
			name = Debug;
		};
		ADA8C85E1AA6A87100D34EBF /* Release */ = {
			isa = XCBuildConfiguration;
			buildSettings = {
				ASSETCATALOG_COMPILER_APPICON_NAME = AppIcon;
				INFOPLIST_FILE = LunarCalendar/Info.plist;
				LD_RUNPATH_SEARCH_PATHS = "$(inherited) @executable_path/Frameworks";
				PRODUCT_NAME = "$(TARGET_NAME)";
			};
			name = Release;
		};
		ADA8C8601AA6A87100D34EBF /* Debug */ = {
			isa = XCBuildConfiguration;
			buildSettings = {
				BUNDLE_LOADER = "$(TEST_HOST)";
				FRAMEWORK_SEARCH_PATHS = (
					"$(SDKROOT)/Developer/Library/Frameworks",
					"$(inherited)",
				);
				GCC_PREPROCESSOR_DEFINITIONS = (
					"DEBUG=1",
					"$(inherited)",
				);
				INFOPLIST_FILE = LunarCalendarTests/Info.plist;
				LD_RUNPATH_SEARCH_PATHS = "$(inherited) @executable_path/Frameworks @loader_path/Frameworks";
				PRODUCT_NAME = "$(TARGET_NAME)";
				TEST_HOST = "$(BUILT_PRODUCTS_DIR)/LunarCalendar.app/LunarCalendar";
			};
			name = Debug;
		};
		ADA8C8611AA6A87100D34EBF /* Release */ = {
			isa = XCBuildConfiguration;
			buildSettings = {
				BUNDLE_LOADER = "$(TEST_HOST)";
				FRAMEWORK_SEARCH_PATHS = (
					"$(SDKROOT)/Developer/Library/Frameworks",
					"$(inherited)",
				);
				INFOPLIST_FILE = LunarCalendarTests/Info.plist;
				LD_RUNPATH_SEARCH_PATHS = "$(inherited) @executable_path/Frameworks @loader_path/Frameworks";
				PRODUCT_NAME = "$(TARGET_NAME)";
				TEST_HOST = "$(BUILT_PRODUCTS_DIR)/LunarCalendar.app/LunarCalendar";
			};
			name = Release;
		};
/* End XCBuildConfiguration section */

/* Begin XCConfigurationList section */
		ADA8C8311AA6A87100D34EBF /* Build configuration list for PBXProject "LunarCalendar" */ = {
			isa = XCConfigurationList;
			buildConfigurations = (
				ADA8C85A1AA6A87100D34EBF /* Debug */,
				ADA8C85B1AA6A87100D34EBF /* Release */,
			);
			defaultConfigurationIsVisible = 0;
			defaultConfigurationName = Release;
		};
		ADA8C85C1AA6A87100D34EBF /* Build configuration list for PBXNativeTarget "LunarCalendar" */ = {
			isa = XCConfigurationList;
			buildConfigurations = (
				ADA8C85D1AA6A87100D34EBF /* Debug */,
				ADA8C85E1AA6A87100D34EBF /* Release */,
			);
			defaultConfigurationIsVisible = 0;
			defaultConfigurationName = Release;
		};
		ADA8C85F1AA6A87100D34EBF /* Build configuration list for PBXNativeTarget "LunarCalendarTests" */ = {
			isa = XCConfigurationList;
			buildConfigurations = (
				ADA8C8601AA6A87100D34EBF /* Debug */,
				ADA8C8611AA6A87100D34EBF /* Release */,
			);
			defaultConfigurationIsVisible = 0;
			defaultConfigurationName = Release;
		};
/* End XCConfigurationList section */
	};
	rootObject = ADA8C82E1AA6A87100D34EBF /* Project object */;
}
